// !$*UTF8*$!
{
	archiveVersion = 1;
	classes = {
	};
	objectVersion = 50;
	objects = {

/* Begin PBXBuildFile section */
		6C8A6B53252BD82F003B0A8F /* EntryListTableViewController.swift in Sources */ = {isa = PBXBuildFile; fileRef = 6C8A6B52252BD82F003B0A8F /* EntryListTableViewController.swift */; };
		6C8A6B56252BDA7A003B0A8F /* DateExtension.swift in Sources */ = {isa = PBXBuildFile; fileRef = 6C8A6B55252BDA7A003B0A8F /* DateExtension.swift */; };
		6C8A6B59252BDBC7003B0A8F /* EntryDetailViewController.swift in Sources */ = {isa = PBXBuildFile; fileRef = 6C8A6B58252BDBC7003B0A8F /* EntryDetailViewController.swift */; };
		6C9453B9252BB90D0032400E /* AppDelegate.swift in Sources */ = {isa = PBXBuildFile; fileRef = 6C9453B8252BB90D0032400E /* AppDelegate.swift */; };
		6C9453BB252BB90D0032400E /* SceneDelegate.swift in Sources */ = {isa = PBXBuildFile; fileRef = 6C9453BA252BB90D0032400E /* SceneDelegate.swift */; };
		6C9453C0252BB90D0032400E /* Main.storyboard in Resources */ = {isa = PBXBuildFile; fileRef = 6C9453BE252BB90D0032400E /* Main.storyboard */; };
		6C9453C2252BB9100032400E /* Assets.xcassets in Resources */ = {isa = PBXBuildFile; fileRef = 6C9453C1252BB9100032400E /* Assets.xcassets */; };
		6C9453C5252BB9100032400E /* LaunchScreen.storyboard in Resources */ = {isa = PBXBuildFile; fileRef = 6C9453C3252BB9100032400E /* LaunchScreen.storyboard */; };
		6C9453D2252BBAA90032400E /* CloudKit.framework in Frameworks */ = {isa = PBXBuildFile; fileRef = 6C9453D1252BBAA90032400E /* CloudKit.framework */; };
		6C9453DD252BBC130032400E /* Entry.swift in Sources */ = {isa = PBXBuildFile; fileRef = 6C9453DC252BBC130032400E /* Entry.swift */; };
		6C9453E0252BCCD50032400E /* EntryController.swift in Sources */ = {isa = PBXBuildFile; fileRef = 6C9453DF252BCCD50032400E /* EntryController.swift */; };
		6C9453E5252BCE110032400E /* EntryError.swift in Sources */ = {isa = PBXBuildFile; fileRef = 6C9453E4252BCE110032400E /* EntryError.swift */; };
/* End PBXBuildFile section */

/* Begin PBXFileReference section */
		6C8A6B52252BD82F003B0A8F /* EntryListTableViewController.swift */ = {isa = PBXFileReference; lastKnownFileType = sourcecode.swift; path = EntryListTableViewController.swift; sourceTree = "<group>"; };
		6C8A6B55252BDA7A003B0A8F /* DateExtension.swift */ = {isa = PBXFileReference; lastKnownFileType = sourcecode.swift; path = DateExtension.swift; sourceTree = "<group>"; };
		6C8A6B58252BDBC7003B0A8F /* EntryDetailViewController.swift */ = {isa = PBXFileReference; lastKnownFileType = sourcecode.swift; path = EntryDetailViewController.swift; sourceTree = "<group>"; };
		6C9453B5252BB90C0032400E /* Journal.app */ = {isa = PBXFileReference; explicitFileType = wrapper.application; includeInIndex = 0; path = Journal.app; sourceTree = BUILT_PRODUCTS_DIR; };
		6C9453B8252BB90D0032400E /* AppDelegate.swift */ = {isa = PBXFileReference; lastKnownFileType = sourcecode.swift; path = AppDelegate.swift; sourceTree = "<group>"; };
		6C9453BA252BB90D0032400E /* SceneDelegate.swift */ = {isa = PBXFileReference; lastKnownFileType = sourcecode.swift; path = SceneDelegate.swift; sourceTree = "<group>"; };
		6C9453BF252BB90D0032400E /* Base */ = {isa = PBXFileReference; lastKnownFileType = file.storyboard; name = Base; path = Base.lproj/Main.storyboard; sourceTree = "<group>"; };
		6C9453C1252BB9100032400E /* Assets.xcassets */ = {isa = PBXFileReference; lastKnownFileType = folder.assetcatalog; path = Assets.xcassets; sourceTree = "<group>"; };
		6C9453C4252BB9100032400E /* Base */ = {isa = PBXFileReference; lastKnownFileType = file.storyboard; name = Base; path = Base.lproj/LaunchScreen.storyboard; sourceTree = "<group>"; };
		6C9453C6252BB9100032400E /* Info.plist */ = {isa = PBXFileReference; lastKnownFileType = text.plist.xml; path = Info.plist; sourceTree = "<group>"; };
		6C9453CF252BBA9F0032400E /* Journal.entitlements */ = {isa = PBXFileReference; lastKnownFileType = text.plist.entitlements; path = Journal.entitlements; sourceTree = "<group>"; };
		6C9453D1252BBAA90032400E /* CloudKit.framework */ = {isa = PBXFileReference; lastKnownFileType = wrapper.framework; name = CloudKit.framework; path = System/Library/Frameworks/CloudKit.framework; sourceTree = SDKROOT; };
		6C9453DC252BBC130032400E /* Entry.swift */ = {isa = PBXFileReference; lastKnownFileType = sourcecode.swift; path = Entry.swift; sourceTree = "<group>"; };
		6C9453DF252BCCD50032400E /* EntryController.swift */ = {isa = PBXFileReference; lastKnownFileType = sourcecode.swift; path = EntryController.swift; sourceTree = "<group>"; };
		6C9453E4252BCE110032400E /* EntryError.swift */ = {isa = PBXFileReference; lastKnownFileType = sourcecode.swift; path = EntryError.swift; sourceTree = "<group>"; };
/* End PBXFileReference section */

/* Begin PBXFrameworksBuildPhase section */
		6C9453B2252BB90C0032400E /* Frameworks */ = {
			isa = PBXFrameworksBuildPhase;
			buildActionMask = 2147483647;
			files = (
				6C9453D2252BBAA90032400E /* CloudKit.framework in Frameworks */,
			);
			runOnlyForDeploymentPostprocessing = 0;
		};
/* End PBXFrameworksBuildPhase section */

/* Begin PBXGroup section */
		6C9453AC252BB90C0032400E = {
			isa = PBXGroup;
			children = (
				6C9453B7252BB90D0032400E /* Journal */,
				6C9453B6252BB90C0032400E /* Products */,
				6C9453D0252BBAA90032400E /* Frameworks */,
			);
			sourceTree = "<group>";
		};
		6C9453B6252BB90C0032400E /* Products */ = {
			isa = PBXGroup;
			children = (
				6C9453B5252BB90C0032400E /* Journal.app */,
			);
			name = Products;
			sourceTree = "<group>";
		};
		6C9453B7252BB90D0032400E /* Journal */ = {
			isa = PBXGroup;
			children = (
				6C9453CF252BBA9F0032400E /* Journal.entitlements */,
				6C9453E2252BCDE70032400E /* HelpersAndExtensions */,
				6C9453D7252BBBB20032400E /* Controllers */,
				6C9453D4252BBB8C0032400E /* Models */,
				6C9453D5252BBB9B0032400E /* Views */,
				6C9453CD252BB9980032400E /* Resources */,
			);
			path = Journal;
			sourceTree = "<group>";
		};
		6C9453CD252BB9980032400E /* Resources */ = {
			isa = PBXGroup;
			children = (
				6C9453B8252BB90D0032400E /* AppDelegate.swift */,
				6C9453BA252BB90D0032400E /* SceneDelegate.swift */,
				6C9453C1252BB9100032400E /* Assets.xcassets */,
				6C9453C3252BB9100032400E /* LaunchScreen.storyboard */,
				6C9453C6252BB9100032400E /* Info.plist */,
			);
			path = Resources;
			sourceTree = "<group>";
		};
		6C9453D0252BBAA90032400E /* Frameworks */ = {
			isa = PBXGroup;
			children = (
				6C9453D1252BBAA90032400E /* CloudKit.framework */,
			);
			name = Frameworks;
			sourceTree = "<group>";
		};
		6C9453D4252BBB8C0032400E /* Models */ = {
			isa = PBXGroup;
			children = (
				6C9453DC252BBC130032400E /* Entry.swift */,
			);
			path = Models;
			sourceTree = "<group>";
		};
		6C9453D5252BBB9B0032400E /* Views */ = {
			isa = PBXGroup;
			children = (
				6C9453D6252BBBA20032400E /* Storyboards */,
			);
			path = Views;
			sourceTree = "<group>";
		};
		6C9453D6252BBBA20032400E /* Storyboards */ = {
			isa = PBXGroup;
			children = (
				6C9453BE252BB90D0032400E /* Main.storyboard */,
			);
			path = Storyboards;
			sourceTree = "<group>";
		};
		6C9453D7252BBBB20032400E /* Controllers */ = {
			isa = PBXGroup;
			children = (
				6C9453D9252BBBC30032400E /* Model Controllers */,
				6C9453D8252BBBBB0032400E /* View Controllers */,
			);
			path = Controllers;
			sourceTree = "<group>";
		};
		6C9453D8252BBBBB0032400E /* View Controllers */ = {
			isa = PBXGroup;
			children = (
				6C8A6B52252BD82F003B0A8F /* EntryListTableViewController.swift */,
				6C8A6B58252BDBC7003B0A8F /* EntryDetailViewController.swift */,
			);
			path = "View Controllers";
			sourceTree = "<group>";
		};
		6C9453D9252BBBC30032400E /* Model Controllers */ = {
			isa = PBXGroup;
			children = (
				6C9453DF252BCCD50032400E /* EntryController.swift */,
			);
			path = "Model Controllers";
			sourceTree = "<group>";
		};
		6C9453E2252BCDE70032400E /* HelpersAndExtensions */ = {
			isa = PBXGroup;
			children = (
				6C9453E4252BCE110032400E /* EntryError.swift */,
				6C8A6B55252BDA7A003B0A8F /* DateExtension.swift */,
			);
			path = HelpersAndExtensions;
			sourceTree = "<group>";
		};
/* End PBXGroup section */

/* Begin PBXNativeTarget section */
		6C9453B4252BB90C0032400E /* Journal */ = {
			isa = PBXNativeTarget;
			buildConfigurationList = 6C9453C9252BB9100032400E /* Build configuration list for PBXNativeTarget "Journal" */;
			buildPhases = (
				6C9453B1252BB90C0032400E /* Sources */,
				6C9453B2252BB90C0032400E /* Frameworks */,
				6C9453B3252BB90C0032400E /* Resources */,
			);
			buildRules = (
			);
			dependencies = (
			);
			name = Journal;
			productName = Journal;
			productReference = 6C9453B5252BB90C0032400E /* Journal.app */;
			productType = "com.apple.product-type.application";
		};
/* End PBXNativeTarget section */

/* Begin PBXProject section */
		6C9453AD252BB90C0032400E /* Project object */ = {
			isa = PBXProject;
			attributes = {
				LastSwiftUpdateCheck = 1200;
				LastUpgradeCheck = 1200;
				TargetAttributes = {
					6C9453B4252BB90C0032400E = {
						CreatedOnToolsVersion = 12.0.1;
					};
				};
			};
			buildConfigurationList = 6C9453B0252BB90C0032400E /* Build configuration list for PBXProject "Journal" */;
			compatibilityVersion = "Xcode 9.3";
			developmentRegion = en;
			hasScannedForEncodings = 0;
			knownRegions = (
				en,
				Base,
			);
			mainGroup = 6C9453AC252BB90C0032400E;
			productRefGroup = 6C9453B6252BB90C0032400E /* Products */;
			projectDirPath = "";
			projectRoot = "";
			targets = (
				6C9453B4252BB90C0032400E /* Journal */,
			);
		};
/* End PBXProject section */

/* Begin PBXResourcesBuildPhase section */
		6C9453B3252BB90C0032400E /* Resources */ = {
			isa = PBXResourcesBuildPhase;
			buildActionMask = 2147483647;
			files = (
				6C9453C5252BB9100032400E /* LaunchScreen.storyboard in Resources */,
				6C9453C2252BB9100032400E /* Assets.xcassets in Resources */,
				6C9453C0252BB90D0032400E /* Main.storyboard in Resources */,
			);
			runOnlyForDeploymentPostprocessing = 0;
		};
/* End PBXResourcesBuildPhase section */

/* Begin PBXSourcesBuildPhase section */
		6C9453B1252BB90C0032400E /* Sources */ = {
			isa = PBXSourcesBuildPhase;
			buildActionMask = 2147483647;
			files = (
				6C9453DD252BBC130032400E /* Entry.swift in Sources */,
				6C8A6B56252BDA7A003B0A8F /* DateExtension.swift in Sources */,
				6C9453E5252BCE110032400E /* EntryError.swift in Sources */,
				6C8A6B53252BD82F003B0A8F /* EntryListTableViewController.swift in Sources */,
				6C9453B9252BB90D0032400E /* AppDelegate.swift in Sources */,
				6C9453E0252BCCD50032400E /* EntryController.swift in Sources */,
				6C8A6B59252BDBC7003B0A8F /* EntryDetailViewController.swift in Sources */,
				6C9453BB252BB90D0032400E /* SceneDelegate.swift in Sources */,
			);
			runOnlyForDeploymentPostprocessing = 0;
		};
/* End PBXSourcesBuildPhase section */

/* Begin PBXVariantGroup section */
		6C9453BE252BB90D0032400E /* Main.storyboard */ = {
			isa = PBXVariantGroup;
			children = (
				6C9453BF252BB90D0032400E /* Base */,
			);
			name = Main.storyboard;
			sourceTree = "<group>";
		};
		6C9453C3252BB9100032400E /* LaunchScreen.storyboard */ = {
			isa = PBXVariantGroup;
			children = (
				6C9453C4252BB9100032400E /* Base */,
			);
			name = LaunchScreen.storyboard;
			sourceTree = "<group>";
		};
/* End PBXVariantGroup section */

/* Begin XCBuildConfiguration section */
		6C9453C7252BB9100032400E /* Debug */ = {
			isa = XCBuildConfiguration;
			buildSettings = {
				ALWAYS_SEARCH_USER_PATHS = NO;
				CLANG_ANALYZER_NONNULL = YES;
				CLANG_ANALYZER_NUMBER_OBJECT_CONVERSION = YES_AGGRESSIVE;
				CLANG_CXX_LANGUAGE_STANDARD = "gnu++14";
				CLANG_CXX_LIBRARY = "libc++";
				CLANG_ENABLE_MODULES = YES;
				CLANG_ENABLE_OBJC_ARC = YES;
				CLANG_ENABLE_OBJC_WEAK = YES;
				CLANG_WARN_BLOCK_CAPTURE_AUTORELEASING = YES;
				CLANG_WARN_BOOL_CONVERSION = YES;
				CLANG_WARN_COMMA = YES;
				CLANG_WARN_CONSTANT_CONVERSION = YES;
				CLANG_WARN_DEPRECATED_OBJC_IMPLEMENTATIONS = YES;
				CLANG_WARN_DIRECT_OBJC_ISA_USAGE = YES_ERROR;
				CLANG_WARN_DOCUMENTATION_COMMENTS = YES;
				CLANG_WARN_EMPTY_BODY = YES;
				CLANG_WARN_ENUM_CONVERSION = YES;
				CLANG_WARN_INFINITE_RECURSION = YES;
				CLANG_WARN_INT_CONVERSION = YES;
				CLANG_WARN_NON_LITERAL_NULL_CONVERSION = YES;
				CLANG_WARN_OBJC_IMPLICIT_RETAIN_SELF = YES;
				CLANG_WARN_OBJC_LITERAL_CONVERSION = YES;
				CLANG_WARN_OBJC_ROOT_CLASS = YES_ERROR;
				CLANG_WARN_QUOTED_INCLUDE_IN_FRAMEWORK_HEADER = YES;
				CLANG_WARN_RANGE_LOOP_ANALYSIS = YES;
				CLANG_WARN_STRICT_PROTOTYPES = YES;
				CLANG_WARN_SUSPICIOUS_MOVE = YES;
				CLANG_WARN_UNGUARDED_AVAILABILITY = YES_AGGRESSIVE;
				CLANG_WARN_UNREACHABLE_CODE = YES;
				CLANG_WARN__DUPLICATE_METHOD_MATCH = YES;
				COPY_PHASE_STRIP = NO;
				DEBUG_INFORMATION_FORMAT = dwarf;
				ENABLE_STRICT_OBJC_MSGSEND = YES;
				ENABLE_TESTABILITY = YES;
				GCC_C_LANGUAGE_STANDARD = gnu11;
				GCC_DYNAMIC_NO_PIC = NO;
				GCC_NO_COMMON_BLOCKS = YES;
				GCC_OPTIMIZATION_LEVEL = 0;
				GCC_PREPROCESSOR_DEFINITIONS = (
					"DEBUG=1",
					"$(inherited)",
				);
				GCC_WARN_64_TO_32_BIT_CONVERSION = YES;
				GCC_WARN_ABOUT_RETURN_TYPE = YES_ERROR;
				GCC_WARN_UNDECLARED_SELECTOR = YES;
				GCC_WARN_UNINITIALIZED_AUTOS = YES_AGGRESSIVE;
				GCC_WARN_UNUSED_FUNCTION = YES;
				GCC_WARN_UNUSED_VARIABLE = YES;
				IPHONEOS_DEPLOYMENT_TARGET = 14.0;
				MTL_ENABLE_DEBUG_INFO = INCLUDE_SOURCE;
				MTL_FAST_MATH = YES;
				ONLY_ACTIVE_ARCH = YES;
				SDKROOT = iphoneos;
				SWIFT_ACTIVE_COMPILATION_CONDITIONS = DEBUG;
				SWIFT_OPTIMIZATION_LEVEL = "-Onone";
			};
			name = Debug;
		};
		6C9453C8252BB9100032400E /* Release */ = {
			isa = XCBuildConfiguration;
			buildSettings = {
				ALWAYS_SEARCH_USER_PATHS = NO;
				CLANG_ANALYZER_NONNULL = YES;
				CLANG_ANALYZER_NUMBER_OBJECT_CONVERSION = YES_AGGRESSIVE;
				CLANG_CXX_LANGUAGE_STANDARD = "gnu++14";
				CLANG_CXX_LIBRARY = "libc++";
				CLANG_ENABLE_MODULES = YES;
				CLANG_ENABLE_OBJC_ARC = YES;
				CLANG_ENABLE_OBJC_WEAK = YES;
				CLANG_WARN_BLOCK_CAPTURE_AUTORELEASING = YES;
				CLANG_WARN_BOOL_CONVERSION = YES;
				CLANG_WARN_COMMA = YES;
				CLANG_WARN_CONSTANT_CONVERSION = YES;
				CLANG_WARN_DEPRECATED_OBJC_IMPLEMENTATIONS = YES;
				CLANG_WARN_DIRECT_OBJC_ISA_USAGE = YES_ERROR;
				CLANG_WARN_DOCUMENTATION_COMMENTS = YES;
				CLANG_WARN_EMPTY_BODY = YES;
				CLANG_WARN_ENUM_CONVERSION = YES;
				CLANG_WARN_INFINITE_RECURSION = YES;
				CLANG_WARN_INT_CONVERSION = YES;
				CLANG_WARN_NON_LITERAL_NULL_CONVERSION = YES;
				CLANG_WARN_OBJC_IMPLICIT_RETAIN_SELF = YES;
				CLANG_WARN_OBJC_LITERAL_CONVERSION = YES;
				CLANG_WARN_OBJC_ROOT_CLASS = YES_ERROR;
				CLANG_WARN_QUOTED_INCLUDE_IN_FRAMEWORK_HEADER = YES;
				CLANG_WARN_RANGE_LOOP_ANALYSIS = YES;
				CLANG_WARN_STRICT_PROTOTYPES = YES;
				CLANG_WARN_SUSPICIOUS_MOVE = YES;
				CLANG_WARN_UNGUARDED_AVAILABILITY = YES_AGGRESSIVE;
				CLANG_WARN_UNREACHABLE_CODE = YES;
				CLANG_WARN__DUPLICATE_METHOD_MATCH = YES;
				COPY_PHASE_STRIP = NO;
				DEBUG_INFORMATION_FORMAT = "dwarf-with-dsym";
				ENABLE_NS_ASSERTIONS = NO;
				ENABLE_STRICT_OBJC_MSGSEND = YES;
				GCC_C_LANGUAGE_STANDARD = gnu11;
				GCC_NO_COMMON_BLOCKS = YES;
				GCC_WARN_64_TO_32_BIT_CONVERSION = YES;
				GCC_WARN_ABOUT_RETURN_TYPE = YES_ERROR;
				GCC_WARN_UNDECLARED_SELECTOR = YES;
				GCC_WARN_UNINITIALIZED_AUTOS = YES_AGGRESSIVE;
				GCC_WARN_UNUSED_FUNCTION = YES;
				GCC_WARN_UNUSED_VARIABLE = YES;
				IPHONEOS_DEPLOYMENT_TARGET = 14.0;
				MTL_ENABLE_DEBUG_INFO = NO;
				MTL_FAST_MATH = YES;
				SDKROOT = iphoneos;
				SWIFT_COMPILATION_MODE = wholemodule;
				SWIFT_OPTIMIZATION_LEVEL = "-O";
				VALIDATE_PRODUCT = YES;
			};
			name = Release;
		};
		6C9453CA252BB9100032400E /* Debug */ = {
			isa = XCBuildConfiguration;
			buildSettings = {
				ASSETCATALOG_COMPILER_APPICON_NAME = AppIcon;
				ASSETCATALOG_COMPILER_GLOBAL_ACCENT_COLOR_NAME = AccentColor;
				CODE_SIGN_ENTITLEMENTS = Journal/Journal.entitlements;
				CODE_SIGN_STYLE = Automatic;
				DEVELOPMENT_TEAM = FK22X67JSW;
				INFOPLIST_FILE = Journal/Resources/Info.plist;
				LD_RUNPATH_SEARCH_PATHS = (
					"$(inherited)",
					"@executable_path/Frameworks",
				);
				PRODUCT_BUNDLE_IDENTIFIER = com.LauraJelenich.Journal;
				PRODUCT_NAME = "$(TARGET_NAME)";
				SWIFT_VERSION = 5.0;
				TARGETED_DEVICE_FAMILY = "1,2";
			};
			name = Debug;
		};
		6C9453CB252BB9100032400E /* Release */ = {
			isa = XCBuildConfiguration;
			buildSettings = {
				ASSETCATALOG_COMPILER_APPICON_NAME = AppIcon;
				ASSETCATALOG_COMPILER_GLOBAL_ACCENT_COLOR_NAME = AccentColor;
				CODE_SIGN_ENTITLEMENTS = Journal/Journal.entitlements;
				CODE_SIGN_STYLE = Automatic;
				DEVELOPMENT_TEAM = FK22X67JSW;
				INFOPLIST_FILE = Journal/Resources/Info.plist;
				LD_RUNPATH_SEARCH_PATHS = (
					"$(inherited)",
					"@executable_path/Frameworks",
				);
				PRODUCT_BUNDLE_IDENTIFIER = com.LauraJelenich.Journal;
				PRODUCT_NAME = "$(TARGET_NAME)";
				SWIFT_VERSION = 5.0;
				TARGETED_DEVICE_FAMILY = "1,2";
			};
			name = Release;
		};
/* End XCBuildConfiguration section */

/* Begin XCConfigurationList section */
		6C9453B0252BB90C0032400E /* Build configuration list for PBXProject "Journal" */ = {
			isa = XCConfigurationList;
			buildConfigurations = (
				6C9453C7252BB9100032400E /* Debug */,
				6C9453C8252BB9100032400E /* Release */,
			);
			defaultConfigurationIsVisible = 0;
			defaultConfigurationName = Release;
		};
		6C9453C9252BB9100032400E /* Build configuration list for PBXNativeTarget "Journal" */ = {
			isa = XCConfigurationList;
			buildConfigurations = (
				6C9453CA252BB9100032400E /* Debug */,
				6C9453CB252BB9100032400E /* Release */,
			);
			defaultConfigurationIsVisible = 0;
			defaultConfigurationName = Release;
		};
/* End XCConfigurationList section */
	};
	rootObject = 6C9453AD252BB90C0032400E /* Project object */;
}
